
Microsoft Visual Studio Solution File, Format Version 12.00
# Visual Studio Version 16
VisualStudioVersion = 16.0.32413.511
MinimumVisualStudioVersion = 10.0.40219.1
Project("{FAE04EC0-301F-11D3-BF4B-00C04F79EFBC}") = "Physics", "Physics\Physics.csproj", "{F1F4D34D-B7E8-44B1-9D51-F05CB6B26BC8}"
EndProject
Global
	GlobalSection(SolutionConfigurationPlatforms) = preSolution
		Debug|Any CPU = Debug|Any CPU
		Release|Any CPU = Release|Any CPU
	EndGlobalSection
	GlobalSection(ProjectConfigurationPlatforms) = postSolution
		{F1F4D34D-B7E8-44B1-9D51-F05CB6B26BC8}.Debug|Any CPU.ActiveCfg = Debug|Any CPU
		{F1F4D34D-B7E8-44B1-9D51-F05CB6B26BC8}.Debug|Any CPU.Build.0 = Debug|Any CPU
		{F1F4D34D-B7E8-44B1-9D51-F05CB6B26BC8}.Release|Any CPU.ActiveCfg = Release|Any CPU
		{F1F4D34D-B7E8-44B1-9D51-F05CB6B26BC8}.Release|Any CPU.Build.0 = Release|Any CPU
	EndGlobalSection
	GlobalSection(SolutionProperties) = preSolution
		HideSolutionNode = FALSE
	EndGlobalSection
	GlobalSection(ExtensibilityGlobals) = postSolution
		SolutionGuid = {87A69FC3-DE25-4769-894B-73A1787898AB}
	EndGlobalSection
EndGlobal
